
Microsoft Visual Studio Solution File, Format Version 12.00
# Visual Studio Version 16
VisualStudioVersion = 16.0.31624.102
MinimumVisualStudioVersion = 10.0.40219.1
Project("{9A19103F-16F7-4668-BE54-9A1E7A4F7556}") = "Visualization", "Visualization\Visualization.csproj", "{504A9D53-DA4F-42FD-9AD2-DBA1A047B306}"
EndProject
Project("{9A19103F-16F7-4668-BE54-9A1E7A4F7556}") = "Model", "Model\Model.csproj", "{33646699-4D8F-4E3F-BC0F-D383548BF687}"
EndProject
Project("{9A19103F-16F7-4668-BE54-9A1E7A4F7556}") = "ModelTests", "ModelTests\ModelTests.csproj", "{85A02BEA-DCA0-4EB5-A193-7DD70B0F11E9}"
EndProject
Project("{9A19103F-16F7-4668-BE54-9A1E7A4F7556}") = "SystemCore", "SystemCore\SystemCore.csproj", "{52035C9C-200B-4251-BB64-67EEE7C425DB}"
EndProject
Project("{9A19103F-16F7-4668-BE54-9A1E7A4F7556}") = "ViewModel", "ViewModel\ViewModel.csproj", "{25982CD9-4BAC-4FDB-8392-753FA8367335}"
EndProject
Project("{9A19103F-16F7-4668-BE54-9A1E7A4F7556}") = "ViewModelTests", "ViewModelTests\ViewModelTests.csproj", "{3B7A4F40-60F4-461A-8AC6-2E37B63EC6E3}"
EndProject
Project("{9A19103F-16F7-4668-BE54-9A1E7A4F7556}") = "SystemCoreTests", "SystemCoreTests\SystemCoreTests.csproj", "{EF621655-96E9-4814-9373-CFB89D7114BC}"
EndProject
Project("{FAE04EC0-301F-11D3-BF4B-00C04F79EFBC}") = "ChatServer", "ChatServer\ChatServer.csproj", "{DB3522DE-2DC6-4A52-A253-217B487E697F}"
EndProject
Global
	GlobalSection(SolutionConfigurationPlatforms) = preSolution
		Debug|Any CPU = Debug|Any CPU
		Release|Any CPU = Release|Any CPU
	EndGlobalSection
	GlobalSection(ProjectConfigurationPlatforms) = postSolution
		{504A9D53-DA4F-42FD-9AD2-DBA1A047B306}.Debug|Any CPU.ActiveCfg = Debug|Any CPU
		{504A9D53-DA4F-42FD-9AD2-DBA1A047B306}.Debug|Any CPU.Build.0 = Debug|Any CPU
		{504A9D53-DA4F-42FD-9AD2-DBA1A047B306}.Release|Any CPU.ActiveCfg = Release|Any CPU
		{504A9D53-DA4F-42FD-9AD2-DBA1A047B306}.Release|Any CPU.Build.0 = Release|Any CPU
		{33646699-4D8F-4E3F-BC0F-D383548BF687}.Debug|Any CPU.ActiveCfg = Debug|Any CPU
		{33646699-4D8F-4E3F-BC0F-D383548BF687}.Debug|Any CPU.Build.0 = Debug|Any CPU
		{33646699-4D8F-4E3F-BC0F-D383548BF687}.Release|Any CPU.ActiveCfg = Release|Any CPU
		{33646699-4D8F-4E3F-BC0F-D383548BF687}.Release|Any CPU.Build.0 = Release|Any CPU
		{85A02BEA-DCA0-4EB5-A193-7DD70B0F11E9}.Debug|Any CPU.ActiveCfg = Debug|Any CPU
		{85A02BEA-DCA0-4EB5-A193-7DD70B0F11E9}.Debug|Any CPU.Build.0 = Debug|Any CPU
		{85A02BEA-DCA0-4EB5-A193-7DD70B0F11E9}.Release|Any CPU.ActiveCfg = Release|Any CPU
		{85A02BEA-DCA0-4EB5-A193-7DD70B0F11E9}.Release|Any CPU.Build.0 = Release|Any CPU
		{52035C9C-200B-4251-BB64-67EEE7C425DB}.Debug|Any CPU.ActiveCfg = Debug|Any CPU
		{52035C9C-200B-4251-BB64-67EEE7C425DB}.Debug|Any CPU.Build.0 = Debug|Any CPU
		{52035C9C-200B-4251-BB64-67EEE7C425DB}.Release|Any CPU.ActiveCfg = Release|Any CPU
		{52035C9C-200B-4251-BB64-67EEE7C425DB}.Release|Any CPU.Build.0 = Release|Any CPU
		{25982CD9-4BAC-4FDB-8392-753FA8367335}.Debug|Any CPU.ActiveCfg = Debug|Any CPU
		{25982CD9-4BAC-4FDB-8392-753FA8367335}.Debug|Any CPU.Build.0 = Debug|Any CPU
		{25982CD9-4BAC-4FDB-8392-753FA8367335}.Release|Any CPU.ActiveCfg = Release|Any CPU
		{25982CD9-4BAC-4FDB-8392-753FA8367335}.Release|Any CPU.Build.0 = Release|Any CPU
		{3B7A4F40-60F4-461A-8AC6-2E37B63EC6E3}.Debug|Any CPU.ActiveCfg = Debug|Any CPU
		{3B7A4F40-60F4-461A-8AC6-2E37B63EC6E3}.Debug|Any CPU.Build.0 = Debug|Any CPU
		{3B7A4F40-60F4-461A-8AC6-2E37B63EC6E3}.Release|Any CPU.ActiveCfg = Release|Any CPU
		{3B7A4F40-60F4-461A-8AC6-2E37B63EC6E3}.Release|Any CPU.Build.0 = Release|Any CPU
		{EF621655-96E9-4814-9373-CFB89D7114BC}.Debug|Any CPU.ActiveCfg = Debug|Any CPU
		{EF621655-96E9-4814-9373-CFB89D7114BC}.Debug|Any CPU.Build.0 = Debug|Any CPU
		{EF621655-96E9-4814-9373-CFB89D7114BC}.Release|Any CPU.ActiveCfg = Release|Any CPU
		{EF621655-96E9-4814-9373-CFB89D7114BC}.Release|Any CPU.Build.0 = Release|Any CPU
		{DB3522DE-2DC6-4A52-A253-217B487E697F}.Debug|Any CPU.ActiveCfg = Debug|Any CPU
		{DB3522DE-2DC6-4A52-A253-217B487E697F}.Debug|Any CPU.Build.0 = Debug|Any CPU
		{DB3522DE-2DC6-4A52-A253-217B487E697F}.Release|Any CPU.ActiveCfg = Release|Any CPU
		{DB3522DE-2DC6-4A52-A253-217B487E697F}.Release|Any CPU.Build.0 = Release|Any CPU
	EndGlobalSection
	GlobalSection(SolutionProperties) = preSolution
		HideSolutionNode = FALSE
	EndGlobalSection
	GlobalSection(ExtensibilityGlobals) = postSolution
		SolutionGuid = {717A33C6-9334-43A8-912D-3ECA58837329}
	EndGlobalSection
EndGlobal
